
Microsoft Visual Studio Solution File, Format Version 12.00
# Visual Studio 15
VisualStudioVersion = 15.0.27428.2015
MinimumVisualStudioVersion = 10.0.40219.1
Project("{FAE04EC0-301F-11D3-BF4B-00C04F79EFBC}") = "HuPandBot", "HuPandBot\HuPandBot.csproj", "{B0553800-210E-46AD-85F4-6B076A313C81}"
EndProject
Global
	GlobalSection(SolutionConfigurationPlatforms) = preSolution
		Debug|Any CPU = Debug|Any CPU
		Release|Any CPU = Release|Any CPU
	EndGlobalSection
	GlobalSection(ProjectConfigurationPlatforms) = postSolution
		{B0553800-210E-46AD-85F4-6B076A313C81}.Debug|Any CPU.ActiveCfg = Debug|Any CPU
		{B0553800-210E-46AD-85F4-6B076A313C81}.Debug|Any CPU.Build.0 = Debug|Any CPU
		{B0553800-210E-46AD-85F4-6B076A313C81}.Release|Any CPU.ActiveCfg = Release|Any CPU
		{B0553800-210E-46AD-85F4-6B076A313C81}.Release|Any CPU.Build.0 = Release|Any CPU
	EndGlobalSection
	GlobalSection(SolutionProperties) = preSolution
		HideSolutionNode = FALSE
	EndGlobalSection
	GlobalSection(ExtensibilityGlobals) = postSolution
		SolutionGuid = {589B7EC9-63D7-4ED3-9A9E-10B2B4E93300}
	EndGlobalSection
EndGlobal
